
Microsoft Visual Studio Solution File, Format Version 12.00
Project("{FAE04EC0-301F-11D3-BF4B-00C04F79EFBC}") = "Core", "Core\Core.csproj", "{F2CC68EF-35C1-4677-AF06-71746C3112DA}"
EndProject
Project("{FAE04EC0-301F-11D3-BF4B-00C04F79EFBC}") = "Entities", "Entities\Entities.csproj", "{6F951B5E-B404-4F2C-9C8D-AF2675426999}"
EndProject
Project("{FAE04EC0-301F-11D3-BF4B-00C04F79EFBC}") = "DataAccess", "DataAccess\DataAccess.csproj", "{D9CC5B35-65F7-4D0F-8551-706A2B5E41A3}"
EndProject
Project("{FAE04EC0-301F-11D3-BF4B-00C04F79EFBC}") = "Business", "Business\Business.csproj", "{F51F168C-F418-4C9B-81BF-5B1676843A16}"
EndProject
Project("{FAE04EC0-301F-11D3-BF4B-00C04F79EFBC}") = "ConsoleUI", "ConsoleUI\ConsoleUI.csproj", "{70265F89-4385-45C6-9285-0FD2DEEC5B2F}"
EndProject
Project("{FAE04EC0-301F-11D3-BF4B-00C04F79EFBC}") = "WebAPI", "WebAPI\WebAPI.csproj", "{4EBA2D37-441B-4D1D-91D3-E9DA961BEE1E}"
EndProject
Global
	GlobalSection(SolutionConfigurationPlatforms) = preSolution
		Debug|Any CPU = Debug|Any CPU
		Release|Any CPU = Release|Any CPU
	EndGlobalSection
	GlobalSection(ProjectConfigurationPlatforms) = postSolution
		{F2CC68EF-35C1-4677-AF06-71746C3112DA}.Debug|Any CPU.ActiveCfg = Debug|Any CPU
		{F2CC68EF-35C1-4677-AF06-71746C3112DA}.Debug|Any CPU.Build.0 = Debug|Any CPU
		{F2CC68EF-35C1-4677-AF06-71746C3112DA}.Release|Any CPU.ActiveCfg = Release|Any CPU
		{F2CC68EF-35C1-4677-AF06-71746C3112DA}.Release|Any CPU.Build.0 = Release|Any CPU
		{6F951B5E-B404-4F2C-9C8D-AF2675426999}.Debug|Any CPU.ActiveCfg = Debug|Any CPU
		{6F951B5E-B404-4F2C-9C8D-AF2675426999}.Debug|Any CPU.Build.0 = Debug|Any CPU
		{6F951B5E-B404-4F2C-9C8D-AF2675426999}.Release|Any CPU.ActiveCfg = Release|Any CPU
		{6F951B5E-B404-4F2C-9C8D-AF2675426999}.Release|Any CPU.Build.0 = Release|Any CPU
		{D9CC5B35-65F7-4D0F-8551-706A2B5E41A3}.Debug|Any CPU.ActiveCfg = Debug|Any CPU
		{D9CC5B35-65F7-4D0F-8551-706A2B5E41A3}.Debug|Any CPU.Build.0 = Debug|Any CPU
		{D9CC5B35-65F7-4D0F-8551-706A2B5E41A3}.Release|Any CPU.ActiveCfg = Release|Any CPU
		{D9CC5B35-65F7-4D0F-8551-706A2B5E41A3}.Release|Any CPU.Build.0 = Release|Any CPU
		{F51F168C-F418-4C9B-81BF-5B1676843A16}.Debug|Any CPU.ActiveCfg = Debug|Any CPU
		{F51F168C-F418-4C9B-81BF-5B1676843A16}.Debug|Any CPU.Build.0 = Debug|Any CPU
		{F51F168C-F418-4C9B-81BF-5B1676843A16}.Release|Any CPU.ActiveCfg = Release|Any CPU
		{F51F168C-F418-4C9B-81BF-5B1676843A16}.Release|Any CPU.Build.0 = Release|Any CPU
		{70265F89-4385-45C6-9285-0FD2DEEC5B2F}.Debug|Any CPU.ActiveCfg = Debug|Any CPU
		{70265F89-4385-45C6-9285-0FD2DEEC5B2F}.Debug|Any CPU.Build.0 = Debug|Any CPU
		{70265F89-4385-45C6-9285-0FD2DEEC5B2F}.Release|Any CPU.ActiveCfg = Release|Any CPU
		{70265F89-4385-45C6-9285-0FD2DEEC5B2F}.Release|Any CPU.Build.0 = Release|Any CPU
		{4EBA2D37-441B-4D1D-91D3-E9DA961BEE1E}.Debug|Any CPU.ActiveCfg = Debug|Any CPU
		{4EBA2D37-441B-4D1D-91D3-E9DA961BEE1E}.Debug|Any CPU.Build.0 = Debug|Any CPU
		{4EBA2D37-441B-4D1D-91D3-E9DA961BEE1E}.Release|Any CPU.ActiveCfg = Release|Any CPU
		{4EBA2D37-441B-4D1D-91D3-E9DA961BEE1E}.Release|Any CPU.Build.0 = Release|Any CPU
	EndGlobalSection
EndGlobal
